
Microsoft Visual Studio Solution File, Format Version 12.00
# Visual Studio Version 16
VisualStudioVersion = 16.0.30611.23
MinimumVisualStudioVersion = 10.0.40219.1
Project("{FAE04EC0-301F-11D3-BF4B-00C04F79EFBC}") = "Wörterbuch", "Wörterbuch\Wörterbuch.csproj", "{1E293AD5-1252-462B-A080-0F1060A76103}"
EndProject
Global
	GlobalSection(SolutionConfigurationPlatforms) = preSolution
		Debug|Any CPU = Debug|Any CPU
		Release|Any CPU = Release|Any CPU
	EndGlobalSection
	GlobalSection(ProjectConfigurationPlatforms) = postSolution
		{1E293AD5-1252-462B-A080-0F1060A76103}.Debug|Any CPU.ActiveCfg = Debug|Any CPU
		{1E293AD5-1252-462B-A080-0F1060A76103}.Debug|Any CPU.Build.0 = Debug|Any CPU
		{1E293AD5-1252-462B-A080-0F1060A76103}.Release|Any CPU.ActiveCfg = Release|Any CPU
		{1E293AD5-1252-462B-A080-0F1060A76103}.Release|Any CPU.Build.0 = Release|Any CPU
	EndGlobalSection
	GlobalSection(SolutionProperties) = preSolution
		HideSolutionNode = FALSE
	EndGlobalSection
	GlobalSection(ExtensibilityGlobals) = postSolution
		SolutionGuid = {84EED9E9-06A6-41FE-BEE7-F7250994555A}
	EndGlobalSection
EndGlobal
